PODS:
  - Flutter (1.0.0)
  - idenfy_sdk_flutter (2.3.1):
    - Flutter
    - iDenfySDK/iDenfyLiveness (= 8.1.0)
  - iDenfySDK/iDenfyLiveness (8.1.0):
    - lottie-ios (= 4.2.0)
  - lottie-ios (4.2.0)

DEPENDENCIES:
  - Flutter (from `Flutter`)
  - idenfy_sdk_flutter (from `.symlinks/plugins/idenfy_sdk_flutter/ios`)

SPEC REPOS:
  trunk:
    - iDenfySDK
    - lottie-ios

EXTERNAL SOURCES:
  Flutter:
    :path: Flutter
  idenfy_sdk_flutter:
    :path: ".symlinks/plugins/idenfy_sdk_flutter/ios"

SPEC CHECKSUMS:
  Flutter: f04841e97a9d0b0a8025694d0796dd46242b2854
  idenfy_sdk_flutter: f3b00defa9691ed9d49c7cc2846e2b9de3b9d4ba
  iDenfySDK: 0240e2b30b240d94de9fd4651a9101f6c5cc41aa
  lottie-ios: 809ecf2d460ed650a6aed7aa88b2ec45fab4779c

PODFILE CHECKSUM: abd3b308c19c0b34ae446cec371a33c81181bf32

COCOAPODS: 1.12.1
