PODS:
  - Flutter (1.0.0)
  - idenfy_sdk_flutter (2.7.2):
    - Flutter
    - iDenfySDK/iDenfyLiveness (= 9.0.0)
  - iDenfySDK/iDenfyLiveness (9.0.0):
    - lottie-ios
  - lottie-ios (4.6.0)

DEPENDENCIES:
  - Flutter (from `Flutter`)
  - idenfy_sdk_flutter (from `.symlinks/plugins/idenfy_sdk_flutter/ios`)

SPEC REPOS:
  https://github.com/CocoaPods/Specs.git:
    - iDenfySDK
    - lottie-ios

EXTERNAL SOURCES:
  Flutter:
    :path: Flutter
  idenfy_sdk_flutter:
    :path: ".symlinks/plugins/idenfy_sdk_flutter/ios"

SPEC CHECKSUMS:
  Flutter: cabc95a1d2626b1b06e7179b784ebcf0c0cde467
  idenfy_sdk_flutter: dc981a956aa4e1fdc5d27d139db9da6352d4c18d
  iDenfySDK: f6625933959a888d881e1355c4d3e97f218dfe89
  lottie-ios: 8f959969761e9c45d70353667d00af0e5b9cadb3

PODFILE CHECKSUM: 6c31a6092e84b14bc12a2b39a9dfc488490b0bc1

COCOAPODS: 1.16.2
